
Microsoft Visual Studio Solution File, Format Version 12.00
# Visual Studio Version 17
VisualStudioVersion = 17.5.002.0
MinimumVisualStudioVersion = 10.0.40219.1
Project("{9A19103F-16F7-4668-BE54-9A1E7A4F7556}") = "test", "test.csproj", "{34932487-64A2-4C27-B422-CE0C030B2C7B}"
EndProject
Global
	GlobalSection(SolutionConfigurationPlatforms) = preSolution
		Debug|Any CPU = Debug|Any CPU
		Release|Any CPU = Release|Any CPU
	EndGlobalSection
	GlobalSection(ProjectConfigurationPlatforms) = postSolution
		{34932487-64A2-4C27-B422-CE0C030B2C7B}.Debug|Any CPU.ActiveCfg = Debug|Any CPU
		{34932487-64A2-4C27-B422-CE0C030B2C7B}.Debug|Any CPU.Build.0 = Debug|Any CPU
		{34932487-64A2-4C27-B422-CE0C030B2C7B}.Release|Any CPU.ActiveCfg = Release|Any CPU
		{34932487-64A2-4C27-B422-CE0C030B2C7B}.Release|Any CPU.Build.0 = Release|Any CPU
	EndGlobalSection
	GlobalSection(SolutionProperties) = preSolution
		HideSolutionNode = FALSE
	EndGlobalSection
	GlobalSection(ExtensibilityGlobals) = postSolution
		SolutionGuid = {6A3E200A-F2A6-4ADB-B742-67FB18365F0B}
	EndGlobalSection
EndGlobal
